PODS:
  - WalletCoreSwiftProtobuf (1.29.0)

DEPENDENCIES:
  - WalletCoreSwiftProtobuf

SPEC REPOS:
  trunk:
    - WalletCoreSwiftProtobuf

SPEC CHECKSUMS:
  WalletCoreSwiftProtobuf: a4798576a2d309511fc45f81843d348732ec571d

PODFILE CHECKSUM: e1a300c4f67b7889e719125a3b0c2fe0252b02f9

COCOAPODS: 1.16.2
